
Microsoft Visual Studio Solution File, Format Version 12.00
# Visual Studio Version 16
VisualStudioVersion = 16.0.28606.126
MinimumVisualStudioVersion = 10.0.40219.1
Project("{FAE04EC0-301F-11D3-BF4B-00C04F79EFBC}") = "UsersApi", "UsersApi\UsersApi.csproj", "{994D9218-EDE2-4E1D-9BC5-E2E882988A69}"
EndProject
Global
	GlobalSection(SolutionConfigurationPlatforms) = preSolution
		Debug|Any CPU = Debug|Any CPU
		Release|Any CPU = Release|Any CPU
	EndGlobalSection
	GlobalSection(ProjectConfigurationPlatforms) = postSolution
		{994D9218-EDE2-4E1D-9BC5-E2E882988A69}.Debug|Any CPU.ActiveCfg = Debug|Any CPU
		{994D9218-EDE2-4E1D-9BC5-E2E882988A69}.Debug|Any CPU.Build.0 = Debug|Any CPU
		{994D9218-EDE2-4E1D-9BC5-E2E882988A69}.Release|Any CPU.ActiveCfg = Release|Any CPU
		{994D9218-EDE2-4E1D-9BC5-E2E882988A69}.Release|Any CPU.Build.0 = Release|Any CPU
	EndGlobalSection
	GlobalSection(SolutionProperties) = preSolution
		HideSolutionNode = FALSE
	EndGlobalSection
	GlobalSection(ExtensibilityGlobals) = postSolution
		SolutionGuid = {B74630CD-FC05-4A14-982F-925BFAB4DDFF}
	EndGlobalSection
EndGlobal
